
Microsoft Visual Studio Solution File, Format Version 12.00
# Visual Studio 15
VisualStudioVersion = 15.0.28307.645
MinimumVisualStudioVersion = 10.0.40219.1
Project("{FAE04EC0-301F-11D3-BF4B-00C04F79EFBC}") = "DotNetCoreHeroku", "DotNetCoreHeroku\DotNetCoreHeroku.csproj", "{E99F7B15-A958-42C7-8B31-3BBB17BCDA63}"
EndProject
Global
	GlobalSection(SolutionConfigurationPlatforms) = preSolution
		Debug|Any CPU = Debug|Any CPU
		Release|Any CPU = Release|Any CPU
	EndGlobalSection
	GlobalSection(ProjectConfigurationPlatforms) = postSolution
		{E99F7B15-A958-42C7-8B31-3BBB17BCDA63}.Debug|Any CPU.ActiveCfg = Debug|Any CPU
		{E99F7B15-A958-42C7-8B31-3BBB17BCDA63}.Debug|Any CPU.Build.0 = Debug|Any CPU
		{E99F7B15-A958-42C7-8B31-3BBB17BCDA63}.Release|Any CPU.ActiveCfg = Release|Any CPU
		{E99F7B15-A958-42C7-8B31-3BBB17BCDA63}.Release|Any CPU.Build.0 = Release|Any CPU
	EndGlobalSection
	GlobalSection(SolutionProperties) = preSolution
		HideSolutionNode = FALSE
	EndGlobalSection
	GlobalSection(ExtensibilityGlobals) = postSolution
		SolutionGuid = {9D40F55E-DE86-4B31-BE68-19977A0CE607}
	EndGlobalSection
EndGlobal
